
Microsoft Visual Studio Solution File, Format Version 12.00
# Visual Studio 15
VisualStudioVersion = 15.0.27130.2036
MinimumVisualStudioVersion = 10.0.40219.1
Project("{8BC9CEB8-8B4A-11D0-8D11-00A0C91BC942}") = "C lessons", "C lessons\C lessons.vcxproj", "{AEF30968-359D-415B-86F3-6D3E2CBE0C93}"
EndProject
Global
	GlobalSection(SolutionConfigurationPlatforms) = preSolution
		Debug|x64 = Debug|x64
		Debug|x86 = Debug|x86
		Release|x64 = Release|x64
		Release|x86 = Release|x86
	EndGlobalSection
	GlobalSection(ProjectConfigurationPlatforms) = postSolution
		{AEF30968-359D-415B-86F3-6D3E2CBE0C93}.Debug|x64.ActiveCfg = Debug|x64
		{AEF30968-359D-415B-86F3-6D3E2CBE0C93}.Debug|x64.Build.0 = Debug|x64
		{AEF30968-359D-415B-86F3-6D3E2CBE0C93}.Debug|x86.ActiveCfg = Debug|Win32
		{AEF30968-359D-415B-86F3-6D3E2CBE0C93}.Debug|x86.Build.0 = Debug|Win32
		{AEF30968-359D-415B-86F3-6D3E2CBE0C93}.Release|x64.ActiveCfg = Release|x64
		{AEF30968-359D-415B-86F3-6D3E2CBE0C93}.Release|x64.Build.0 = Release|x64
		{AEF30968-359D-415B-86F3-6D3E2CBE0C93}.Release|x86.ActiveCfg = Release|Win32
		{AEF30968-359D-415B-86F3-6D3E2CBE0C93}.Release|x86.Build.0 = Release|Win32
	EndGlobalSection
	GlobalSection(SolutionProperties) = preSolution
		HideSolutionNode = FALSE
	EndGlobalSection
	GlobalSection(ExtensibilityGlobals) = postSolution
		SolutionGuid = {AC2CEF8B-1932-4123-96C3-209127523C63}
	EndGlobalSection
EndGlobal
